
Microsoft Visual Studio Solution File, Format Version 12.00
# Visual Studio Version 16
VisualStudioVersion = 16.0.30717.126
MinimumVisualStudioVersion = 10.0.40219.1
Project("{FAE04EC0-301F-11D3-BF4B-00C04F79EFBC}") = "Advent8", "Advent8.csproj", "{E160BC73-37BF-415D-AE8C-DF17A8EF6EB7}"
EndProject
Global
	GlobalSection(SolutionConfigurationPlatforms) = preSolution
		Debug|Any CPU = Debug|Any CPU
		Release|Any CPU = Release|Any CPU
	EndGlobalSection
	GlobalSection(ProjectConfigurationPlatforms) = postSolution
		{E160BC73-37BF-415D-AE8C-DF17A8EF6EB7}.Debug|Any CPU.ActiveCfg = Debug|Any CPU
		{E160BC73-37BF-415D-AE8C-DF17A8EF6EB7}.Debug|Any CPU.Build.0 = Debug|Any CPU
		{E160BC73-37BF-415D-AE8C-DF17A8EF6EB7}.Release|Any CPU.ActiveCfg = Release|Any CPU
		{E160BC73-37BF-415D-AE8C-DF17A8EF6EB7}.Release|Any CPU.Build.0 = Release|Any CPU
	EndGlobalSection
	GlobalSection(SolutionProperties) = preSolution
		HideSolutionNode = FALSE
	EndGlobalSection
	GlobalSection(ExtensibilityGlobals) = postSolution
		SolutionGuid = {CCD6C093-7D4B-4422-8BD7-FD1D66C9E055}
	EndGlobalSection
EndGlobal
