
Microsoft Visual Studio Solution File, Format Version 12.00
# Visual Studio Version 16
VisualStudioVersion = 16.0.30717.126
MinimumVisualStudioVersion = 10.0.40219.1
Project("{FAE04EC0-301F-11D3-BF4B-00C04F79EFBC}") = "Advent4", "Advent4.csproj", "{B3D24A0C-8F74-48FC-BE05-6E6BF466A26F}"
EndProject
Global
	GlobalSection(SolutionConfigurationPlatforms) = preSolution
		Debug|Any CPU = Debug|Any CPU
		Release|Any CPU = Release|Any CPU
	EndGlobalSection
	GlobalSection(ProjectConfigurationPlatforms) = postSolution
		{B3D24A0C-8F74-48FC-BE05-6E6BF466A26F}.Debug|Any CPU.ActiveCfg = Debug|Any CPU
		{B3D24A0C-8F74-48FC-BE05-6E6BF466A26F}.Debug|Any CPU.Build.0 = Debug|Any CPU
		{B3D24A0C-8F74-48FC-BE05-6E6BF466A26F}.Release|Any CPU.ActiveCfg = Release|Any CPU
		{B3D24A0C-8F74-48FC-BE05-6E6BF466A26F}.Release|Any CPU.Build.0 = Release|Any CPU
	EndGlobalSection
	GlobalSection(SolutionProperties) = preSolution
		HideSolutionNode = FALSE
	EndGlobalSection
	GlobalSection(ExtensibilityGlobals) = postSolution
		SolutionGuid = {0C2265F8-61D8-497E-989B-044C1C9EB53E}
	EndGlobalSection
EndGlobal
